
Microsoft Visual Studio Solution File, Format Version 12.00
# Visual Studio 15
VisualStudioVersion = 15.0.28010.2019
MinimumVisualStudioVersion = 10.0.40219.1
Project("{FAE04EC0-301F-11D3-BF4B-00C04F79EFBC}") = "WindowsFormsApp1", "WindowsFormsApp1\WindowsFormsApp1.csproj", "{24126512-4152-476B-A4FD-23BA4F77FCC3}"
EndProject
Global
	GlobalSection(SolutionConfigurationPlatforms) = preSolution
		Debug|Any CPU = Debug|Any CPU
		Release|Any CPU = Release|Any CPU
	EndGlobalSection
	GlobalSection(ProjectConfigurationPlatforms) = postSolution
		{24126512-4152-476B-A4FD-23BA4F77FCC3}.Debug|Any CPU.ActiveCfg = Debug|Any CPU
		{24126512-4152-476B-A4FD-23BA4F77FCC3}.Debug|Any CPU.Build.0 = Debug|Any CPU
		{24126512-4152-476B-A4FD-23BA4F77FCC3}.Release|Any CPU.ActiveCfg = Release|Any CPU
		{24126512-4152-476B-A4FD-23BA4F77FCC3}.Release|Any CPU.Build.0 = Release|Any CPU
	EndGlobalSection
	GlobalSection(SolutionProperties) = preSolution
		HideSolutionNode = FALSE
	EndGlobalSection
	GlobalSection(ExtensibilityGlobals) = postSolution
		SolutionGuid = {DA318D12-6281-4C41-88B3-5293DF79EF7A}
	EndGlobalSection
EndGlobal
